
Microsoft Visual Studio Solution File, Format Version 12.00
# Visual Studio Version 16
VisualStudioVersion = 16.0.30523.141
MinimumVisualStudioVersion = 10.0.40219.1
Project("{FAE04EC0-301F-11D3-BF4B-00C04F79EFBC}") = "PriyemnayaKomissiya", "PriyemnayaKomissiya.csproj", "{D79F63DD-702E-44EB-9C52-A397CA576B9D}"
EndProject
Global
	GlobalSection(SolutionConfigurationPlatforms) = preSolution
		Debug|Any CPU = Debug|Any CPU
		Release|Any CPU = Release|Any CPU
	EndGlobalSection
	GlobalSection(ProjectConfigurationPlatforms) = postSolution
		{D79F63DD-702E-44EB-9C52-A397CA576B9D}.Debug|Any CPU.ActiveCfg = Debug|Any CPU
		{D79F63DD-702E-44EB-9C52-A397CA576B9D}.Debug|Any CPU.Build.0 = Debug|Any CPU
		{D79F63DD-702E-44EB-9C52-A397CA576B9D}.Release|Any CPU.ActiveCfg = Release|Any CPU
		{D79F63DD-702E-44EB-9C52-A397CA576B9D}.Release|Any CPU.Build.0 = Release|Any CPU
	EndGlobalSection
	GlobalSection(SolutionProperties) = preSolution
		HideSolutionNode = FALSE
	EndGlobalSection
	GlobalSection(ExtensibilityGlobals) = postSolution
		SolutionGuid = {6581B480-E31D-43E6-9745-C2F7614E202F}
	EndGlobalSection
EndGlobal
